lockfileVersion: '9.0'

settings:
  autoInstallPeers: true
  excludeLinksFromLockfile: false

importers:

  .:
    dependencies:
      dotenv:
        specifier: ^16.4.7
        version: 16.4.7
      firebase:
        specifier: ^11.2.0
        version: 11.2.0
    devDependencies:
      '@types/node':
        specifier: ^20.11.0
        version: 20.17.16
      nodemon:
        specifier: ^3.0.2
        version: 3.1.9
      ts-node:
        specifier: ^10.9.2
        version: 10.9.2(@types/node@20.17.16)(typescript@5.7.3)
      typescript:
        specifier: ^5.3.3
        version: 5.7.3

packages:

  '@cspotcode/source-map-support@0.8.1':
    resolution: {integrity: sha512-IchNf6dN4tHoMFIn/7OE8LWZ19Y6q/67Bmf6vnGREv8RSbBVb9LPJxEcnwrcwX6ixSvaiGoomAUvu4YSxXrVgw==}
    engines: {node: '>=12'}

  '@firebase/analytics-compat@0.2.17':
    resolution: {integrity: sha512-SJNVOeTvzdqZQvXFzj7yAirXnYcLDxh57wBFROfeowq/kRN1AqOw1tG6U4OiFOEhqi7s3xLze/LMkZatk2IEww==}
    peerDependencies:
      '@firebase/app-compat': 0.x

  '@firebase/analytics-types@0.8.3':
    resolution: {integrity: sha512-VrIp/d8iq2g501qO46uGz3hjbDb8xzYMrbu8Tp0ovzIzrvJZ2fvmj649gTjge/b7cCCcjT0H37g1gVtlNhnkbg==}

  '@firebase/analytics@0.10.11':
    resolution: {integrity: sha512-zwuPiRE0+hgcS95JZbJ6DFQN4xYFO8IyGxpeePTV51YJMwCf3lkBa6FnZ/iXIqDKcBPMgMuuEZozI0BJWaLEYg==}
    peerDependencies:
      '@firebase/app': 0.x

  '@firebase/app-check-compat@0.3.18':
    resolution: {integrity: sha512-qjozwnwYmAIdrsVGrJk+hnF1WBois54IhZR6gO0wtZQoTvWL/GtiA2F31TIgAhF0ayUiZhztOv1RfC7YyrZGDQ==}
    engines: {node: '>=18.0.0'}
    peerDependencies:
      '@firebase/app-compat': 0.x

  '@firebase/app-check-interop-types@0.3.3':
    resolution: {integrity: sha512-gAlxfPLT2j8bTI/qfe3ahl2I2YcBQ8cFIBdhAQA4I2f3TndcO+22YizyGYuttLHPQEpWkhmpFW60VCFEPg4g5A==}

  '@firebase/app-check-types@0.5.3':
    resolution: {integrity: sha512-hyl5rKSj0QmwPdsAxrI5x1otDlByQ7bvNvVt8G/XPO2CSwE++rmSVf3VEhaeOR4J8ZFaF0Z0NDSmLejPweZ3ng==}

  '@firebase/app-check@0.8.11':
    resolution: {integrity: sha512-42zIfRI08/7bQqczAy7sY2JqZYEv3a1eNa4fLFdtJ54vNevbBIRSEA3fZgRqWFNHalh5ohsBXdrYgFqaRIuCcQ==}
    engines: {node: '>=18.0.0'}
    peerDependencies:
      '@firebase/app': 0.x

  '@firebase/app-compat@0.2.48':
    resolution: {integrity: sha512-wVNU1foBIaJncUmiALyRxhHHHC3ZPMLIETTAk+2PG87eP9B/IDBsYUiTpHyboDPEI8CgBPat/zN2v+Snkz6lBw==}
    engines: {node: '>=18.0.0'}

  '@firebase/app-types@0.9.3':
    resolution: {integrity: sha512-kRVpIl4vVGJ4baogMDINbyrIOtOxqhkZQg4jTq3l8Lw6WSk0xfpEYzezFu+Kl4ve4fbPl79dvwRtaFqAC/ucCw==}

  '@firebase/app@0.10.18':
    resolution: {integrity: sha512-VuqEwD/QRisKd/zsFsqgvSAx34mZ3WEF47i97FD6Vw4GWAhdjepYf0Hmi6K0b4QMSgWcv/x0C30Slm5NjjERXg==}
    engines: {node: '>=18.0.0'}

  '@firebase/auth-compat@0.5.17':
    resolution: {integrity: sha512-Shi6rqLqzU9KLXnUCmlLvVByq1kiG3oe7Wpbf5m1CgS7NiRx2pSSn0HLaRRozdkaizNzMGGj+3oHmNYQ7kU6xA==}
    engines: {node: '>=18.0.0'}
    peerDependencies:
      '@firebase/app-compat': 0.x

  '@firebase/auth-interop-types@0.2.4':
    resolution: {integrity: sha512-JPgcXKCuO+CWqGDnigBtvo09HeBs5u/Ktc2GaFj2m01hLarbxthLNm7Fk8iOP1aqAtXV+fnnGj7U28xmk7IwVA==}

  '@firebase/auth-types@0.12.3':
    resolution: {integrity: sha512-Zq9zI0o5hqXDtKg6yDkSnvMCMuLU6qAVS51PANQx+ZZX5xnzyNLEBO3GZgBUPsV5qIMFhjhqmLDxUqCbnAYy2A==}
    peerDependencies:
      '@firebase/app-types': 0.x
      '@firebase/util': 1.x

  '@firebase/auth@1.8.2':
    resolution: {integrity: sha512-q+071y2LWe0bVnjqaX3BscqZwzdP0GKN2YBKapLq4bV88MPfCtWwGKmDhNDEDUmioOjudGXkUY5cvvKqk3mlUg==}
    engines: {node: '>=18.0.0'}
    peerDependencies:
      '@firebase/app': 0.x
      '@react-native-async-storage/async-storage': ^1.18.1
    peerDependenciesMeta:
      '@react-native-async-storage/async-storage':
        optional: true

  '@firebase/component@0.6.12':
    resolution: {integrity: sha512-YnxqjtohLbnb7raXt2YuA44cC1wA9GiehM/cmxrsoxKlFxBLy2V0OkRSj9gpngAE0UoJ421Wlav9ycO7lTPAUw==}
    engines: {node: '>=18.0.0'}

  '@firebase/data-connect@0.2.0':
    resolution: {integrity: sha512-7OrZtQoLSk2fiGijhIdUnTSqEFti3h1EMhw9nNiSZ6jJGduw4Pz6jrVvxjpZJtGH/JiljbMkBnPBS2h8CTRKEw==}
    peerDependencies:
      '@firebase/app': 0.x

  '@firebase/database-compat@2.0.2':
    resolution: {integrity: sha512-5zvdnMsfDHvrQAVM6jBS7CkBpu+z3YbpFdhxRsrK1FP45IEfxlzpeuEUb17D/tpM10vfq4Ok0x5akIBaCv7gfA==}
    engines: {node: '>=18.0.0'}

  '@firebase/database-types@1.0.8':
    resolution: {integrity: sha512-6lPWIGeufhUq1heofZULyVvWFhD01TUrkkB9vyhmksjZ4XF7NaivQp9rICMk7QNhqwa+uDCaj4j+Q8qqcSVZ9g==}

  '@firebase/database@1.0.11':
    resolution: {integrity: sha512-gLrw/XeioswWUXgpVKCPAzzoOuvYNqK5fRUeiJTzO7Mlp9P6ylFEyPJlRBl1djqYye641r3MX6AmIeMXwjgwuQ==}
    engines: {node: '>=18.0.0'}

  '@firebase/firestore-compat@0.3.41':
    resolution: {integrity: sha512-J/PgWKEt0yugETOE7lOabT16hsV21cLzSxERD7ZhaiwBQkBTSf0Mx9RhjZRT0Ttqe4weM90HGZFyUBqYA73fVA==}
    engines: {node: '>=18.0.0'}
    peerDependencies:
      '@firebase/app-compat': 0.x

  '@firebase/firestore-types@3.0.3':
    resolution: {integrity: sha512-hD2jGdiWRxB/eZWF89xcK9gF8wvENDJkzpVFb4aGkzfEaKxVRD1kjz1t1Wj8VZEp2LCB53Yx1zD8mrhQu87R6Q==}
    peerDependencies:
      '@firebase/app-types': 0.x
      '@firebase/util': 1.x

  '@firebase/firestore@4.7.6':
    resolution: {integrity: sha512-aVDboR+upR/44qZDLR4tnZ9pepSOFBbDJnwk7eWzmTyQq2nZAVG+HIhrqpQawmUVcDRkuJv2K2UT2+oqR8F8TA==}
    engines: {node: '>=18.0.0'}
    peerDependencies:
      '@firebase/app': 0.x

  '@firebase/functions-compat@0.3.18':
    resolution: {integrity: sha512-N7+RN5GVus2ORB8cqfSNhfSn4iaYws6F8uCCfn4mtjC7zYS/KH6muzNAhZUdUqlv5YazbVmvxlAoYYF39i8Qzg==}
    engines: {node: '>=18.0.0'}
    peerDependencies:
      '@firebase/app-compat': 0.x

  '@firebase/functions-types@0.6.3':
    resolution: {integrity: sha512-EZoDKQLUHFKNx6VLipQwrSMh01A1SaL3Wg6Hpi//x6/fJ6Ee4hrAeswK99I5Ht8roiniKHw4iO0B1Oxj5I4plg==}

  '@firebase/functions@0.12.1':
    resolution: {integrity: sha512-QucRiFrvMMmIGTRhL7ZK2IeBnAWP7lAmfFREMpEtX47GjVqDqGxdFs+Mg7XBzxSc9UjDO4Rxf+aE9xJHU6bGwg==}
    engines: {node: '>=18.0.0'}
    peerDependencies:
      '@firebase/app': 0.x

  '@firebase/installations-compat@0.2.12':
    resolution: {integrity: sha512-RhcGknkxmFu92F6Jb3rXxv6a4sytPjJGifRZj8MSURPuv2Xu+/AispCXEfY1ZraobhEHTG5HLGsP6R4l9qB5aA==}
    peerDependencies:
      '@firebase/app-compat': 0.x

  '@firebase/installations-types@0.5.3':
    resolution: {integrity: sha512-2FJI7gkLqIE0iYsNQ1P751lO3hER+Umykel+TkLwHj6plzWVxqvfclPUZhcKFVQObqloEBTmpi2Ozn7EkCABAA==}
    peerDependencies:
      '@firebase/app-types': 0.x

  '@firebase/installations@0.6.12':
    resolution: {integrity: sha512-ES/WpuAV2k2YtBTvdaknEo7IY8vaGjIjS3zhnHSAIvY9KwTR8XZFXOJoZ3nSkjN1A5R4MtEh+07drnzPDg9vaw==}
    peerDependencies:
      '@firebase/app': 0.x

  '@firebase/logger@0.4.4':
    resolution: {integrity: sha512-mH0PEh1zoXGnaR8gD1DeGeNZtWFKbnz9hDO91dIml3iou1gpOnLqXQ2dJfB71dj6dpmUjcQ6phY3ZZJbjErr9g==}
    engines: {node: '>=18.0.0'}

  '@firebase/messaging-compat@0.2.16':
    resolution: {integrity: sha512-9HZZ88Ig3zQ0ok/Pwt4gQcNsOhoEy8hDHoGsV1am6ulgMuGuDVD2gl11Lere2ksL+msM12Lddi2x/7TCqmODZw==}
    peerDependencies:
      '@firebase/app-compat': 0.x

  '@firebase/messaging-interop-types@0.2.3':
    resolution: {integrity: sha512-xfzFaJpzcmtDjycpDeCUj0Ge10ATFi/VHVIvEEjDNc3hodVBQADZ7BWQU7CuFpjSHE+eLuBI13z5F/9xOoGX8Q==}

  '@firebase/messaging@0.12.16':
    resolution: {integrity: sha512-VJ8sCEIeP3+XkfbJA7410WhYGHdloYFZXoHe/vt+vNVDGw8JQPTQSVTRvjrUprEf5I4Tbcnpr2H34lS6zhCHSA==}
    peerDependencies:
      '@firebase/app': 0.x

  '@firebase/performance-compat@0.2.12':
    resolution: {integrity: sha512-DyCbDTIwtBTGsEiQxTz/TD23a0na2nrDozceQ5kVkszyFYvliB0YK/9el0wAGIG91SqgTG9pxHtYErzfZc0VWw==}
    peerDependencies:
      '@firebase/app-compat': 0.x

  '@firebase/performance-types@0.2.3':
    resolution: {integrity: sha512-IgkyTz6QZVPAq8GSkLYJvwSLr3LS9+V6vNPQr0x4YozZJiLF5jYixj0amDtATf1X0EtYHqoPO48a9ija8GocxQ==}

  '@firebase/performance@0.6.12':
    resolution: {integrity: sha512-8mYL4z2jRlKXAi2hjk4G7o2sQLnJCCuTbyvti/xmHf5ZvOIGB01BZec0aDuBIXO+H1MLF62dbye/k91Fr+yc8g==}
    peerDependencies:
      '@firebase/app': 0.x

  '@firebase/remote-config-compat@0.2.12':
    resolution: {integrity: sha512-91jLWPtubIuPBngg9SzwvNCWzhMLcyBccmt7TNZP+y1cuYFNOWWHKUXQ3IrxCLB7WwLqQaEu7fTDAjHsTyBsSw==}
    peerDependencies:
      '@firebase/app-compat': 0.x

  '@firebase/remote-config-types@0.4.0':
    resolution: {integrity: sha512-7p3mRE/ldCNYt8fmWMQ/MSGRmXYlJ15Rvs9Rk17t8p0WwZDbeK7eRmoI1tvCPaDzn9Oqh+yD6Lw+sGLsLg4kKg==}

  '@firebase/remote-config@0.5.0':
    resolution: {integrity: sha512-weiEbpBp5PBJTHUWR4GwI7ZacaAg68BKha5QnZ8Go65W4oQjEWqCW/rfskABI/OkrGijlL3CUmCB/SA6mVo0qA==}
    peerDependencies:
      '@firebase/app': 0.x

  '@firebase/storage-compat@0.3.15':
    resolution: {integrity: sha512-Z9afjrK2O9o1ZHWCpprCGZ1BTc3BbvpZvi6tkSteC8H3W/fMM6x+RoSunlzD3hEVV5bkbwdJIqNClLMchvyoPA==}
    engines: {node: '>=18.0.0'}
    peerDependencies:
      '@firebase/app-compat': 0.x

  '@firebase/storage-types@0.8.3':
    resolution: {integrity: sha512-+Muk7g9uwngTpd8xn9OdF/D48uiQ7I1Fae7ULsWPuKoCH3HU7bfFPhxtJYzyhjdniowhuDpQcfPmuNRAqZEfvg==}
    peerDependencies:
      '@firebase/app-types': 0.x
      '@firebase/util': 1.x

  '@firebase/storage@0.13.5':
    resolution: {integrity: sha512-sB/7HNuW0N9tITyD0RxVLNCROuCXkml5i/iPqjwOGKC0xiUfpCOjBE+bb0ABMoN1qYZfqk0y9IuI2TdomjmkNw==}
    engines: {node: '>=18.0.0'}
    peerDependencies:
      '@firebase/app': 0.x

  '@firebase/util@1.10.3':
    resolution: {integrity: sha512-wfoF5LTy0m2ufUapV0ZnpcGQvuavTbJ5Qr1Ze9OJGL70cSMvhDyjS4w2121XdA3lGZSTOsDOyGhpoDtYwck85A==}
    engines: {node: '>=18.0.0'}

  '@firebase/vertexai@1.0.3':
    resolution: {integrity: sha512-SQHg/RPb3LwQs/xiLcvAZYz9NXyDSZUIIwvgsKh6e4wdULAfyPCZIu6Y2ZYIhZLfk9Q44cKZ+++7RPTaqQJdYA==}
    engines: {node: '>=18.0.0'}
    peerDependencies:
      '@firebase/app': 0.x
      '@firebase/app-types': 0.x

  '@firebase/webchannel-wrapper@1.0.3':
    resolution: {integrity: sha512-2xCRM9q9FlzGZCdgDMJwc0gyUkWFtkosy7Xxr6sFgQwn+wMNIWd7xIvYNauU1r64B5L5rsGKy/n9TKJ0aAFeqQ==}

  '@grpc/grpc-js@1.9.15':
    resolution: {integrity: sha512-nqE7Hc0AzI+euzUwDAy0aY5hCp10r734gMGRdU+qOPX0XSceI2ULrcXB5U2xSc5VkWwalCj4M7GzCAygZl2KoQ==}
    engines: {node: ^8.13.0 || >=10.10.0}

  '@grpc/proto-loader@0.7.13':
    resolution: {integrity: sha512-AiXO/bfe9bmxBjxxtYxFAXGZvMaN5s8kO+jBHAJCON8rJoB5YS/D6X7ZNc6XQkuHNmyl4CYaMI1fJ/Gn27RGGw==}
    engines: {node: '>=6'}
    hasBin: true

  '@jridgewell/resolve-uri@3.1.2':
    resolution: {integrity: sha512-bRISgCIjP20/tbWSPWMEi54QVPRZExkuD9lJL+UIxUKtwVJA8wW1Trb1jMs1RFXo1CBTNZ/5hpC9QvmKWdopKw==}
    engines: {node: '>=6.0.0'}

  '@jridgewell/sourcemap-codec@1.5.0':
    resolution: {integrity: sha512-gv3ZRaISU3fjPAgNsriBRqGWQL6quFx04YMPW/zD8XMLsU32mhCCbfbO6KZFLjvYpCZ8zyDEgqsgf+PwPaM7GQ==}

  '@jridgewell/trace-mapping@0.3.9':
    resolution: {integrity: sha512-3Belt6tdc8bPgAtbcmdtNJlirVoTmEb5e2gC94PnkwEW9jI6CAHUeoG85tjWP5WquqfavoMtMwiG4P926ZKKuQ==}

  '@protobufjs/aspromise@1.1.2':
    resolution: {integrity: sha512-j+gKExEuLmKwvz3OgROXtrJ2UG2x8Ch2YZUxahh+s1F2HZ+wAceUNLkvy6zKCPVRkU++ZWQrdxsUeQXmcg4uoQ==}

  '@protobufjs/base64@1.1.2':
    resolution: {integrity: sha512-AZkcAA5vnN/v4PDqKyMR5lx7hZttPDgClv83E//FMNhR2TMcLUhfRUBHCmSl0oi9zMgDDqRUJkSxO3wm85+XLg==}

  '@protobufjs/codegen@2.0.4':
    resolution: {integrity: sha512-YyFaikqM5sH0ziFZCN3xDC7zeGaB/d0IUb9CATugHWbd1FRFwWwt4ld4OYMPWu5a3Xe01mGAULCdqhMlPl29Jg==}

  '@protobufjs/eventemitter@1.1.0':
    resolution: {integrity: sha512-j9ednRT81vYJ9OfVuXG6ERSTdEL1xVsNgqpkxMsbIabzSo3goCjDIveeGv5d03om39ML71RdmrGNjG5SReBP/Q==}

  '@protobufjs/fetch@1.1.0':
    resolution: {integrity: sha512-lljVXpqXebpsijW71PZaCYeIcE5on1w5DlQy5WH6GLbFryLUrBD4932W/E2BSpfRJWseIL4v/KPgBFxDOIdKpQ==}

  '@protobufjs/float@1.0.2':
    resolution: {integrity: sha512-Ddb+kVXlXst9d+R9PfTIxh1EdNkgoRe5tOX6t01f1lYWOvJnSPDBlG241QLzcyPdoNTsblLUdujGSE4RzrTZGQ==}

  '@protobufjs/inquire@1.1.0':
    resolution: {integrity: sha512-kdSefcPdruJiFMVSbn801t4vFK7KB/5gd2fYvrxhuJYg8ILrmn9SKSX2tZdV6V+ksulWqS7aXjBcRXl3wHoD9Q==}

  '@protobufjs/path@1.1.2':
    resolution: {integrity: sha512-6JOcJ5Tm08dOHAbdR3GrvP+yUUfkjG5ePsHYczMFLq3ZmMkAD98cDgcT2iA1lJ9NVwFd4tH/iSSoe44YWkltEA==}

  '@protobufjs/pool@1.1.0':
    resolution: {integrity: sha512-0kELaGSIDBKvcgS4zkjz1PeddatrjYcmMWOlAuAPwAeccUrPHdUqo/J6LiymHHEiJT5NrF1UVwxY14f+fy4WQw==}

  '@protobufjs/utf8@1.1.0':
    resolution: {integrity: sha512-Vvn3zZrhQZkkBE8LSuW3em98c0FwgO4nxzv6OdSxPKJIEKY2bGbHn+mhGIPerzI4twdxaP8/0+06HBpwf345Lw==}

  '@tsconfig/node10@1.0.11':
    resolution: {integrity: sha512-DcRjDCujK/kCk/cUe8Xz8ZSpm8mS3mNNpta+jGCA6USEDfktlNvm1+IuZ9eTcDbNk41BHwpHHeW+N1lKCz4zOw==}

  '@tsconfig/node12@1.0.11':
    resolution: {integrity: sha512-cqefuRsh12pWyGsIoBKJA9luFu3mRxCA+ORZvA4ktLSzIuCUtWVxGIuXigEwO5/ywWFMZ2QEGKWvkZG1zDMTag==}

  '@tsconfig/node14@1.0.3':
    resolution: {integrity: sha512-ysT8mhdixWK6Hw3i1V2AeRqZ5WfXg1G43mqoYlM2nc6388Fq5jcXyr5mRsqViLx/GJYdoL0bfXD8nmF+Zn/Iow==}

  '@tsconfig/node16@1.0.4':
    resolution: {integrity: sha512-vxhUy4J8lyeyinH7Azl1pdd43GJhZH/tP2weN8TntQblOY+A0XbT8DJk1/oCPuOOyg/Ja757rG0CgHcWC8OfMA==}

  '@types/node@20.17.16':
    resolution: {integrity: sha512-vOTpLduLkZXePLxHiHsBLp98mHGnl8RptV4YAO3HfKO5UHjDvySGbxKtpYfy8Sx5+WKcgc45qNreJJRVM3L6mw==}

  acorn-walk@8.3.4:
    resolution: {integrity: sha512-ueEepnujpqee2o5aIYnvHU6C0A42MNdsIDeqy5BydrkuC5R1ZuUFnm27EeFJGoEHJQgn3uleRvmTXaJgfXbt4g==}
    engines: {node: '>=0.4.0'}

  acorn@8.14.0:
    resolution: {integrity: sha512-cl669nCJTZBsL97OF4kUQm5g5hC2uihk0NxY3WENAC0TYdILVkAyHymAntgxGkl7K+t0cXIrH5siy5S4XkFycA==}
    engines: {node: '>=0.4.0'}
    hasBin: true

  ansi-regex@5.0.1:
    resolution: {integrity: sha512-quJQXlTSUGL2LH9SUXo8VwsY4soanhgo6LNSm84E1LBcE8s3O0wpdiRzyR9z/ZZJMlMWv37qOOb9pdJlMUEKFQ==}
    engines: {node: '>=8'}

  ansi-styles@4.3.0:
    resolution: {integrity: sha512-zbB9rCJAT1rbjiVDb2hqKFHNYLxgtk8NURxZ3IZwD3F6NtxbXZQCnnSi1Lkx+IDohdPlFp222wVALIheZJQSEg==}
    engines: {node: '>=8'}

  anymatch@3.1.3:
    resolution: {integrity: sha512-KMReFUr0B4t+D+OBkjR3KYqvocp2XaSzO55UcB6mgQMd3KbcE+mWTyvVV7D/zsdEbNnV6acZUutkiHQXvTr1Rw==}
    engines: {node: '>= 8'}

  arg@4.1.3:
    resolution: {integrity: sha512-58S9QDqG0Xx27YwPSt9fJxivjYl432YCwfDMfZ+71RAqUrZef7LrKQZ3LHLOwCS4FLNBplP533Zx895SeOCHvA==}

  balanced-match@1.0.2:
    resolution: {integrity: sha512-3oSeUO0TMV67hN1AmbXsK4yaqU7tjiHlbxRDZOpH0KW9+CeX4bRAaX0Anxt0tx2MrpRpWwQaPwIlISEJhYU5Pw==}

  binary-extensions@2.3.0:
    resolution: {integrity: sha512-Ceh+7ox5qe7LJuLHoY0feh3pHuUDHAcRUeyL2VYghZwfpkNIy/+8Ocg0a3UuSoYzavmylwuLWQOf3hl0jjMMIw==}
    engines: {node: '>=8'}

  brace-expansion@1.1.11:
    resolution: {integrity: sha512-iCuPHDFgrHX7H2vEI/5xpz07zSHB00TpugqhmYtVmMO6518mCuRMoOYFldEBl0g187ufozdaHgWKcYFb61qGiA==}

  braces@3.0.3:
    resolution: {integrity: sha512-yQbXgO/OSZVD2IsiLlro+7Hf6Q18EJrKSEsdoMzKePKXct3gvD8oLcOQdIzGupr5Fj+EDe8gO/lxc1BzfMpxvA==}
    engines: {node: '>=8'}

  chokidar@3.6.0:
    resolution: {integrity: sha512-7VT13fmjotKpGipCW9JEQAusEPE+Ei8nl6/g4FBAmIm0GOOLMua9NDDo/DWp0ZAxCr3cPq5ZpBqmPAQgDda2Pw==}
    engines: {node: '>= 8.10.0'}

  cliui@8.0.1:
    resolution: {integrity: sha512-BSeNnyus75C4//NQ9gQt1/csTXyo/8Sb+afLAkzAptFuMsod9HFokGNudZpi/oQV73hnVK+sR+5PVRMd+Dr7YQ==}
    engines: {node: '>=12'}

  color-convert@2.0.1:
    resolution: {integrity: sha512-RRECPsj7iu/xb5oKYcsFHSppFNnsj/52OVTRKb4zP5onXwVF3zVmmToNcOfGC+CRDpfK/U584fMg38ZHCaElKQ==}
    engines: {node: '>=7.0.0'}

  color-name@1.1.4:
    resolution: {integrity: sha512-dOy+3AuW3a2wNbZHIuMZpTcgjGuLU/uBL/ubcZF9OXbDo8ff4O8yVp5Bf0efS8uEoYo5q4Fx7dY9OgQGXgAsQA==}

  concat-map@0.0.1:
    resolution: {integrity: sha512-/Srv4dswyQNBfohGpz9o6Yb3Gz3SrUDqBH5rTuhGR7ahtlbYKnVxw2bCFMRljaA7EXHaXZ8wsHdodFvbkhKmqg==}

  create-require@1.1.1:
    resolution: {integrity: sha512-dcKFX3jn0MpIaXjisoRvexIJVEKzaq7z2rZKxf+MSr9TkdmHmsU4m2lcLojrj/FHl8mk5VxMmYA+ftRkP/3oKQ==}

  debug@4.4.0:
    resolution: {integrity: sha512-6WTZ/IxCY/T6BALoZHaE4ctp9xm+Z5kY/pzYaCHRFeyVhojxlrm+46y68HA6hr0TcwEssoxNiDEUJQjfPZ/RYA==}
    engines: {node: '>=6.0'}
    peerDependencies:
      supports-color: '*'
    peerDependenciesMeta:
      supports-color:
        optional: true

  diff@4.0.2:
    resolution: {integrity: sha512-58lmxKSA4BNyLz+HHMUzlOEpg09FV+ev6ZMe3vJihgdxzgcwZ8VoEEPmALCZG9LmqfVoNMMKpttIYTVG6uDY7A==}
    engines: {node: '>=0.3.1'}

  dotenv@16.4.7:
    resolution: {integrity: sha512-47qPchRCykZC03FhkYAhrvwU4xDBFIj1QPqaarj6mdM/hgUzfPHcpkHJOn3mJAufFeeAxAzeGsr5X0M4k6fLZQ==}
    engines: {node: '>=12'}

  emoji-regex@8.0.0:
    resolution: {integrity: sha512-MSjYzcWNOA0ewAHpz0MxpYFvwg6yjy1NG3xteoqz644VCo/RPgnr1/GGt+ic3iJTzQ8Eu3TdM14SawnVUmGE6A==}

  escalade@3.2.0:
    resolution: {integrity: sha512-WUj2qlxaQtO4g6Pq5c29GTcWGDyd8itL8zTlipgECz3JesAiiOKotd8JU6otB3PACgG6xkJUyVhboMS+bje/jA==}
    engines: {node: '>=6'}

  faye-websocket@0.11.4:
    resolution: {integrity: sha512-CzbClwlXAuiRQAlUyfqPgvPoNKTckTPGfwZV4ZdAhVcP2lh9KUxJg2b5GkE7XbjKQ3YJnQ9z6D9ntLAlB+tP8g==}
    engines: {node: '>=0.8.0'}

  fill-range@7.1.1:
    resolution: {integrity: sha512-YsGpe3WHLK8ZYi4tWDg2Jy3ebRz2rXowDxnld4bkQB00cc/1Zw9AWnC0i9ztDJitivtQvaI9KaLyKrc+hBW0yg==}
    engines: {node: '>=8'}

  firebase@11.2.0:
    resolution: {integrity: sha512-ztwPhBLAZMVNZjBeQzzTM4rk2rsRXmdFYcnvjAXh+StbiFVshHKaPO9VRGMUzF48du4Mkz6jN1wkmYCuUJPxLA==}

  fsevents@2.3.3:
    resolution: {integrity: sha512-5xoDfX+fL7faATnagmWPpbFtwh/R77WmMMqqHGS65C3vvB0YHrgF+B1YmZ3441tMj5n63k0212XNoJwzlhffQw==}
    engines: {node: ^8.16.0 || ^10.6.0 || >=11.0.0}
    os: [darwin]

  get-caller-file@2.0.5:
    resolution: {integrity: sha512-DyFP3BM/3YHTQOCUL/w0OZHR0lpKeGrxotcHWcqNEdnltqFwXVfhEBQ94eIo34AfQpo0rGki4cyIiftY06h2Fg==}
    engines: {node: 6.* || 8.* || >= 10.*}

  glob-parent@5.1.2:
    resolution: {integrity: sha512-AOIgSQCepiJYwP3ARnGx+5VnTu2HBYdzbGP45eLw1vr3zB3vZLeyed1sC9hnbcOc9/SrMyM5RPQrkGz4aS9Zow==}
    engines: {node: '>= 6'}

  has-flag@3.0.0:
    resolution: {integrity: sha512-sKJf1+ceQBr4SMkvQnBDNDtf4TXpVhVGateu0t918bl30FnbE2m4vNLX+VWe/dpjlb+HugGYzW7uQXH98HPEYw==}
    engines: {node: '>=4'}

  http-parser-js@0.5.9:
    resolution: {integrity: sha512-n1XsPy3rXVxlqxVioEWdC+0+M+SQw0DpJynwtOPo1X+ZlvdzTLtDBIJJlDQTnwZIFJrZSzSGmIOUdP8tu+SgLw==}

  idb@7.1.1:
    resolution: {integrity: sha512-gchesWBzyvGHRO9W8tzUWFDycow5gwjvFKfyV9FF32Y7F50yZMp7mP+T2mJIWFx49zicqyC4uefHM17o6xKIVQ==}

  ignore-by-default@1.0.1:
    resolution: {integrity: sha512-Ius2VYcGNk7T90CppJqcIkS5ooHUZyIQK+ClZfMfMNFEF9VSE73Fq+906u/CWu92x4gzZMWOwfFYckPObzdEbA==}

  is-binary-path@2.1.0:
    resolution: {integrity: sha512-ZMERYes6pDydyuGidse7OsHxtbI7WVeUEozgR/g7rd0xUimYNlvZRE/K2MgZTjWy725IfelLeVcEM97mmtRGXw==}
    engines: {node: '>=8'}

  is-extglob@2.1.1:
    resolution: {integrity: sha512-SbKbANkN603Vi4jEZv49LeVJMn4yGwsbzZworEoyEiutsN3nJYdbO36zfhGJ6QEDpOZIFkDtnq5JRxmvl3jsoQ==}
    engines: {node: '>=0.10.0'}

  is-fullwidth-code-point@3.0.0:
    resolution: {integrity: sha512-zymm5+u+sCsSWyD9qNaejV3DFvhCKclKdizYaJUuHA83RLjb7nSuGnddCHGv0hk+KY7BMAlsWeK4Ueg6EV6XQg==}
    engines: {node: '>=8'}

  is-glob@4.0.3:
    resolution: {integrity: sha512-xelSayHH36ZgE7ZWhli7pW34hNbNl8Ojv5KVmkJD4hBdD3th8Tfk9vYasLM+mXWOZhFkgZfxhLSnrwRr4elSSg==}
    engines: {node: '>=0.10.0'}

  is-number@7.0.0:
    resolution: {integrity: sha512-41Cifkg6e8TylSpdtTpeLVMqvSBEVzTttHvERD741+pnZ8ANv0004MRL43QKPDlK9cGvNp6NZWZUBlbGXYxxng==}
    engines: {node: '>=0.12.0'}

  lodash.camelcase@4.3.0:
    resolution: {integrity: sha512-TwuEnCnxbc3rAvhf/LbG7tJUDzhqXyFnv3dtzLOPgCG/hODL7WFnsbwktkD7yUV0RrreP/l1PALq/YSg6VvjlA==}

  long@5.2.4:
    resolution: {integrity: sha512-qtzLbJE8hq7VabR3mISmVGtoXP8KGc2Z/AT8OuqlYD7JTR3oqrgwdjnk07wpj1twXxYmgDXgoKVWUG/fReSzHg==}

  make-error@1.3.6:
    resolution: {integrity: sha512-s8UhlNe7vPKomQhC1qFelMokr/Sc3AgNbso3n74mVPA5LTZwkB9NlXf4XPamLxJE8h0gh73rM94xvwRT2CVInw==}

  minimatch@3.1.2:
    resolution: {integrity: sha512-J7p63hRiAjw1NDEww1W7i37+ByIrOWO5XQQAzZ3VOcL0PNybwpfmV/N05zFAzwQ9USyEcX6t3UO+K5aqBQOIHw==}

  ms@2.1.3:
    resolution: {integrity: sha512-6FlzubTLZG3J2a/NVCAleEhjzq5oxgHyaCU9yYXvcLsvoVaHJq/s5xXI6/XXP6tz7R9xAOtHnSO/tXtF3WRTlA==}

  nodemon@3.1.9:
    resolution: {integrity: sha512-hdr1oIb2p6ZSxu3PB2JWWYS7ZQ0qvaZsc3hK8DR8f02kRzc8rjYmxAIvdz+aYC+8F2IjNaB7HMcSDg8nQpJxyg==}
    engines: {node: '>=10'}
    hasBin: true

  normalize-path@3.0.0:
    resolution: {integrity: sha512-6eZs5Ls3WtCisHWp9S2GUy8dqkpGi4BVSz3GaqiE6ezub0512ESztXUwUB6C6IKbQkY2Pnb/mD4WYojCRwcwLA==}
    engines: {node: '>=0.10.0'}

  picomatch@2.3.1:
    resolution: {integrity: sha512-JU3teHTNjmE2VCGFzuY8EXzCDVwEqB2a8fsIvwaStHhAWJEeVd1o1QD80CU6+ZdEXXSLbSsuLwJjkCBWqRQUVA==}
    engines: {node: '>=8.6'}

  protobufjs@7.4.0:
    resolution: {integrity: sha512-mRUWCc3KUU4w1jU8sGxICXH/gNS94DvI1gxqDvBzhj1JpcsimQkYiOJfwsPUykUI5ZaspFbSgmBLER8IrQ3tqw==}
    engines: {node: '>=12.0.0'}

  pstree.remy@1.1.8:
    resolution: {integrity: sha512-77DZwxQmxKnu3aR542U+X8FypNzbfJ+C5XQDk3uWjWxn6151aIMGthWYRXTqT1E5oJvg+ljaa2OJi+VfvCOQ8w==}

  readdirp@3.6.0:
    resolution: {integrity: sha512-hOS089on8RduqdbhvQ5Z37A0ESjsqz6qnRcffsMU3495FuTdqSm+7bhJ29JvIOsBDEEnan5DPu9t3To9VRlMzA==}
    engines: {node: '>=8.10.0'}

  require-directory@2.1.1:
    resolution: {integrity: sha512-fGxEI7+wsG9xrvdjsrlmL22OMTTiHRwAMroiEeMgq8gzoLC/PQr7RsRDSTLUg/bZAZtF+TVIkHc6/4RIKrui+Q==}
    engines: {node: '>=0.10.0'}

  safe-buffer@5.2.1:
    resolution: {integrity: sha512-rp3So07KcdmmKbGvgaNxQSJr7bGVSVk5S9Eq1F+ppbRo70+YeaDxkw5Dd8NPN+GD6bjnYm2VuPuCXmpuYvmCXQ==}

  semver@7.6.3:
    resolution: {integrity: sha512-oVekP1cKtI+CTDvHWYFUcMtsK/00wmAEfyqKfNdARm8u1wNVhSgaX7A8d4UuIlUI5e84iEwOhs7ZPYRmzU9U6A==}
    engines: {node: '>=10'}
    hasBin: true

  simple-update-notifier@2.0.0:
    resolution: {integrity: sha512-a2B9Y0KlNXl9u/vsW6sTIu9vGEpfKu2wRV6l1H3XEas/0gUIzGzBoP/IouTcUQbm9JWZLH3COxyn03TYlFax6w==}
    engines: {node: '>=10'}

  string-width@4.2.3:
    resolution: {integrity: sha512-wKyQRQpjJ0sIp62ErSZdGsjMJWsap5oRNihHhu6G7JVO/9jIB6UyevL+tXuOqrng8j/cxKTWyWUwvSTriiZz/g==}
    engines: {node: '>=8'}

  strip-ansi@6.0.1:
    resolution: {integrity: sha512-Y38VPSHcqkFrCpFnQ9vuSXmquuv5oXOKpGeT6aGrr3o3Gc9AlVa6JBfUSOCnbxGGZF+/0ooI7KrPuUSztUdU5A==}
    engines: {node: '>=8'}

  supports-color@5.5.0:
    resolution: {integrity: sha512-QjVjwdXIt408MIiAqCX4oUKsgU2EqAGzs2Ppkm4aQYbjm+ZEWEcW4SfFNTr4uMNZma0ey4f5lgLrkB0aX0QMow==}
    engines: {node: '>=4'}

  to-regex-range@5.0.1:
    resolution: {integrity: sha512-65P7iz6X5yEr1cwcgvQxbbIw7Uk3gOy5dIdtZ4rDveLqhrdJP+Li/Hx6tyK0NEb+2GCyneCMJiGqrADCSNk8sQ==}
    engines: {node: '>=8.0'}

  touch@3.1.1:
    resolution: {integrity: sha512-r0eojU4bI8MnHr8c5bNo7lJDdI2qXlWWJk6a9EAFG7vbhTjElYhBVS3/miuE0uOuoLdb8Mc/rVfsmm6eo5o9GA==}
    hasBin: true

  ts-node@10.9.2:
    resolution: {integrity: sha512-f0FFpIdcHgn8zcPSbf1dRevwt047YMnaiJM3u2w2RewrB+fob/zePZcrOyQoLMMO7aBIddLcQIEK5dYjkLnGrQ==}
    hasBin: true
    peerDependencies:
      '@swc/core': '>=1.2.50'
      '@swc/wasm': '>=1.2.50'
      '@types/node': '*'
      typescript: '>=2.7'
    peerDependenciesMeta:
      '@swc/core':
        optional: true
      '@swc/wasm':
        optional: true

  tslib@2.8.1:
    resolution: {integrity: sha512-oJFu94HQb+KVduSUQL7wnpmqnfmLsOA/nAh6b6EH0wCEoK0/mPeXU6c3wKDV83MkOuHPRHtSXKKU99IBazS/2w==}

  typescript@5.7.3:
    resolution: {integrity: sha512-84MVSjMEHP+FQRPy3pX9sTVV/INIex71s9TL2Gm5FG/WG1SqXeKyZ0k7/blY/4FdOzI12CBy1vGc4og/eus0fw==}
    engines: {node: '>=14.17'}
    hasBin: true

  undefsafe@2.0.5:
    resolution: {integrity: sha512-WxONCrssBM8TSPRqN5EmsjVrsv4A8X12J4ArBiiayv3DyyG3ZlIg6yysuuSYdZsVz3TKcTg2fd//Ujd4CHV1iA==}

  undici-types@6.19.8:
    resolution: {integrity: sha512-ve2KP6f/JnbPBFyobGHuerC9g1FYGn/F8n1LWTwNxCEzd6IfqTwUQcNXgEtmmQ6DlRrC1hrSrBnCZPokRrDHjw==}

  v8-compile-cache-lib@3.0.1:
    resolution: {integrity: sha512-wa7YjyUGfNZngI/vtK0UHAN+lgDCxBPCylVXGp0zu59Fz5aiGtNXaq3DhIov063MorB+VfufLh3JlF2KdTK3xg==}

  websocket-driver@0.7.4:
    resolution: {integrity: sha512-b17KeDIQVjvb0ssuSDF2cYXSg2iztliJ4B9WdsuB6J952qCPKmnVq4DyW5motImXHDC1cBT/1UezrJVsKw5zjg==}
    engines: {node: '>=0.8.0'}

  websocket-extensions@0.1.4:
    resolution: {integrity: sha512-OqedPIGOfsDlo31UNwYbCFMSaO9m9G/0faIHj5/dZFDMFqPTcx6UwqyOy3COEaEOg/9VsGIpdqn62W5KhoKSpg==}
    engines: {node: '>=0.8.0'}

  wrap-ansi@7.0.0:
    resolution: {integrity: sha512-YVGIj2kamLSTxw6NsZjoBxfSwsn0ycdesmc4p+Q21c5zPuZ1pl+NfxVdxPtdHvmNVOQ6XSYG4AUtyt/Fi7D16Q==}
    engines: {node: '>=10'}

  y18n@5.0.8:
    resolution: {integrity: sha512-0pfFzegeDWJHJIAmTLRP2DwHjdF5s7jo9tuztdQxAhINCdvS+3nGINqPd00AphqJR/0LhANUS6/+7SCb98YOfA==}
    engines: {node: '>=10'}

  yargs-parser@21.1.1:
    resolution: {integrity: sha512-tVpsJW7DdjecAiFpbIB1e3qxIQsE6NoPc5/eTdrbbIC4h0LVsWhnoa3g+m2HclBIujHzsxZ4VJVA+GUuc2/LBw==}
    engines: {node: '>=12'}

  yargs@17.7.2:
    resolution: {integrity: sha512-7dSzzRQ++CKnNI/krKnYRV7JKKPUXMEh61soaHKg9mrWEhzFWhFnxPxGl+69cD1Ou63C13NUPCnmIcrvqCuM6w==}
    engines: {node: '>=12'}

  yn@3.1.1:
    resolution: {integrity: sha512-Ux4ygGWsu2c7isFWe8Yu1YluJmqVhxqK2cLXNQA5AcC3QfbGNpM7fu0Y8b/z16pXLnFxZYvWhd3fhBY9DLmC6Q==}
    engines: {node: '>=6'}

snapshots:

  '@cspotcode/source-map-support@0.8.1':
    dependencies:
      '@jridgewell/trace-mapping': 0.3.9

  '@firebase/analytics-compat@0.2.17(@firebase/app-compat@0.2.48)(@firebase/app@0.10.18)':
    dependencies:
      '@firebase/analytics': 0.10.11(@firebase/app@0.10.18)
      '@firebase/analytics-types': 0.8.3
      '@firebase/app-compat': 0.2.48
      '@firebase/component': 0.6.12
      '@firebase/util': 1.10.3
      tslib: 2.8.1
    transitivePeerDependencies:
      - '@firebase/app'

  '@firebase/analytics-types@0.8.3': {}

  '@firebase/analytics@0.10.11(@firebase/app@0.10.18)':
    dependencies:
      '@firebase/app': 0.10.18
      '@firebase/component': 0.6.12
      '@firebase/installations': 0.6.12(@firebase/app@0.10.18)
      '@firebase/logger': 0.4.4
      '@firebase/util': 1.10.3
      tslib: 2.8.1

  '@firebase/app-check-compat@0.3.18(@firebase/app-compat@0.2.48)(@firebase/app@0.10.18)':
    dependencies:
      '@firebase/app-check': 0.8.11(@firebase/app@0.10.18)
      '@firebase/app-check-types': 0.5.3
      '@firebase/app-compat': 0.2.48
      '@firebase/component': 0.6.12
      '@firebase/logger': 0.4.4
      '@firebase/util': 1.10.3
      tslib: 2.8.1
    transitivePeerDependencies:
      - '@firebase/app'

  '@firebase/app-check-interop-types@0.3.3': {}

  '@firebase/app-check-types@0.5.3': {}

  '@firebase/app-check@0.8.11(@firebase/app@0.10.18)':
    dependencies:
      '@firebase/app': 0.10.18
      '@firebase/component': 0.6.12
      '@firebase/logger': 0.4.4
      '@firebase/util': 1.10.3
      tslib: 2.8.1

  '@firebase/app-compat@0.2.48':
    dependencies:
      '@firebase/app': 0.10.18
      '@firebase/component': 0.6.12
      '@firebase/logger': 0.4.4
      '@firebase/util': 1.10.3
      tslib: 2.8.1

  '@firebase/app-types@0.9.3': {}

  '@firebase/app@0.10.18':
    dependencies:
      '@firebase/component': 0.6.12
      '@firebase/logger': 0.4.4
      '@firebase/util': 1.10.3
      idb: 7.1.1
      tslib: 2.8.1

  '@firebase/auth-compat@0.5.17(@firebase/app-compat@0.2.48)(@firebase/app-types@0.9.3)(@firebase/app@0.10.18)':
    dependencies:
      '@firebase/app-compat': 0.2.48
      '@firebase/auth': 1.8.2(@firebase/app@0.10.18)
      '@firebase/auth-types': 0.12.3(@firebase/app-types@0.9.3)(@firebase/util@1.10.3)
      '@firebase/component': 0.6.12
      '@firebase/util': 1.10.3
      tslib: 2.8.1
    transitivePeerDependencies:
      - '@firebase/app'
      - '@firebase/app-types'
      - '@react-native-async-storage/async-storage'

  '@firebase/auth-interop-types@0.2.4': {}

  '@firebase/auth-types@0.12.3(@firebase/app-types@0.9.3)(@firebase/util@1.10.3)':
    dependencies:
      '@firebase/app-types': 0.9.3
      '@firebase/util': 1.10.3

  '@firebase/auth@1.8.2(@firebase/app@0.10.18)':
    dependencies:
      '@firebase/app': 0.10.18
      '@firebase/component': 0.6.12
      '@firebase/logger': 0.4.4
      '@firebase/util': 1.10.3
      tslib: 2.8.1

  '@firebase/component@0.6.12':
    dependencies:
      '@firebase/util': 1.10.3
      tslib: 2.8.1

  '@firebase/data-connect@0.2.0(@firebase/app@0.10.18)':
    dependencies:
      '@firebase/app': 0.10.18
      '@firebase/auth-interop-types': 0.2.4
      '@firebase/component': 0.6.12
      '@firebase/logger': 0.4.4
      '@firebase/util': 1.10.3
      tslib: 2.8.1

  '@firebase/database-compat@2.0.2':
    dependencies:
      '@firebase/component': 0.6.12
      '@firebase/database': 1.0.11
      '@firebase/database-types': 1.0.8
      '@firebase/logger': 0.4.4
      '@firebase/util': 1.10.3
      tslib: 2.8.1

  '@firebase/database-types@1.0.8':
    dependencies:
      '@firebase/app-types': 0.9.3
      '@firebase/util': 1.10.3

  '@firebase/database@1.0.11':
    dependencies:
      '@firebase/app-check-interop-types': 0.3.3
      '@firebase/auth-interop-types': 0.2.4
      '@firebase/component': 0.6.12
      '@firebase/logger': 0.4.4
      '@firebase/util': 1.10.3
      faye-websocket: 0.11.4
      tslib: 2.8.1

  '@firebase/firestore-compat@0.3.41(@firebase/app-compat@0.2.48)(@firebase/app-types@0.9.3)(@firebase/app@0.10.18)':
    dependencies:
      '@firebase/app-compat': 0.2.48
      '@firebase/component': 0.6.12
      '@firebase/firestore': 4.7.6(@firebase/app@0.10.18)
      '@firebase/firestore-types': 3.0.3(@firebase/app-types@0.9.3)(@firebase/util@1.10.3)
      '@firebase/util': 1.10.3
      tslib: 2.8.1
    transitivePeerDependencies:
      - '@firebase/app'
      - '@firebase/app-types'

  '@firebase/firestore-types@3.0.3(@firebase/app-types@0.9.3)(@firebase/util@1.10.3)':
    dependencies:
      '@firebase/app-types': 0.9.3
      '@firebase/util': 1.10.3

  '@firebase/firestore@4.7.6(@firebase/app@0.10.18)':
    dependencies:
      '@firebase/app': 0.10.18
      '@firebase/component': 0.6.12
      '@firebase/logger': 0.4.4
      '@firebase/util': 1.10.3
      '@firebase/webchannel-wrapper': 1.0.3
      '@grpc/grpc-js': 1.9.15
      '@grpc/proto-loader': 0.7.13
      tslib: 2.8.1

  '@firebase/functions-compat@0.3.18(@firebase/app-compat@0.2.48)(@firebase/app@0.10.18)':
    dependencies:
      '@firebase/app-compat': 0.2.48
      '@firebase/component': 0.6.12
      '@firebase/functions': 0.12.1(@firebase/app@0.10.18)
      '@firebase/functions-types': 0.6.3
      '@firebase/util': 1.10.3
      tslib: 2.8.1
    transitivePeerDependencies:
      - '@firebase/app'

  '@firebase/functions-types@0.6.3': {}

  '@firebase/functions@0.12.1(@firebase/app@0.10.18)':
    dependencies:
      '@firebase/app': 0.10.18
      '@firebase/app-check-interop-types': 0.3.3
      '@firebase/auth-interop-types': 0.2.4
      '@firebase/component': 0.6.12
      '@firebase/messaging-interop-types': 0.2.3
      '@firebase/util': 1.10.3
      tslib: 2.8.1

  '@firebase/installations-compat@0.2.12(@firebase/app-compat@0.2.48)(@firebase/app-types@0.9.3)(@firebase/app@0.10.18)':
    dependencies:
      '@firebase/app-compat': 0.2.48
      '@firebase/component': 0.6.12
      '@firebase/installations': 0.6.12(@firebase/app@0.10.18)
      '@firebase/installations-types': 0.5.3(@firebase/app-types@0.9.3)
      '@firebase/util': 1.10.3
      tslib: 2.8.1
    transitivePeerDependencies:
      - '@firebase/app'
      - '@firebase/app-types'

  '@firebase/installations-types@0.5.3(@firebase/app-types@0.9.3)':
    dependencies:
      '@firebase/app-types': 0.9.3

  '@firebase/installations@0.6.12(@firebase/app@0.10.18)':
    dependencies:
      '@firebase/app': 0.10.18
      '@firebase/component': 0.6.12
      '@firebase/util': 1.10.3
      idb: 7.1.1
      tslib: 2.8.1

  '@firebase/logger@0.4.4':
    dependencies:
      tslib: 2.8.1

  '@firebase/messaging-compat@0.2.16(@firebase/app-compat@0.2.48)(@firebase/app@0.10.18)':
    dependencies:
      '@firebase/app-compat': 0.2.48
      '@firebase/component': 0.6.12
      '@firebase/messaging': 0.12.16(@firebase/app@0.10.18)
      '@firebase/util': 1.10.3
      tslib: 2.8.1
    transitivePeerDependencies:
      - '@firebase/app'

  '@firebase/messaging-interop-types@0.2.3': {}

  '@firebase/messaging@0.12.16(@firebase/app@0.10.18)':
    dependencies:
      '@firebase/app': 0.10.18
      '@firebase/component': 0.6.12
      '@firebase/installations': 0.6.12(@firebase/app@0.10.18)
      '@firebase/messaging-interop-types': 0.2.3
      '@firebase/util': 1.10.3
      idb: 7.1.1
      tslib: 2.8.1

  '@firebase/performance-compat@0.2.12(@firebase/app-compat@0.2.48)(@firebase/app@0.10.18)':
    dependencies:
      '@firebase/app-compat': 0.2.48
      '@firebase/component': 0.6.12
      '@firebase/logger': 0.4.4
      '@firebase/performance': 0.6.12(@firebase/app@0.10.18)
      '@firebase/performance-types': 0.2.3
      '@firebase/util': 1.10.3
      tslib: 2.8.1
    transitivePeerDependencies:
      - '@firebase/app'

  '@firebase/performance-types@0.2.3': {}

  '@firebase/performance@0.6.12(@firebase/app@0.10.18)':
    dependencies:
      '@firebase/app': 0.10.18
      '@firebase/component': 0.6.12
      '@firebase/installations': 0.6.12(@firebase/app@0.10.18)
      '@firebase/logger': 0.4.4
      '@firebase/util': 1.10.3
      tslib: 2.8.1

  '@firebase/remote-config-compat@0.2.12(@firebase/app-compat@0.2.48)(@firebase/app@0.10.18)':
    dependencies:
      '@firebase/app-compat': 0.2.48
      '@firebase/component': 0.6.12
      '@firebase/logger': 0.4.4
      '@firebase/remote-config': 0.5.0(@firebase/app@0.10.18)
      '@firebase/remote-config-types': 0.4.0
      '@firebase/util': 1.10.3
      tslib: 2.8.1
    transitivePeerDependencies:
      - '@firebase/app'

  '@firebase/remote-config-types@0.4.0': {}

  '@firebase/remote-config@0.5.0(@firebase/app@0.10.18)':
    dependencies:
      '@firebase/app': 0.10.18
      '@firebase/component': 0.6.12
      '@firebase/installations': 0.6.12(@firebase/app@0.10.18)
      '@firebase/logger': 0.4.4
      '@firebase/util': 1.10.3
      tslib: 2.8.1

  '@firebase/storage-compat@0.3.15(@firebase/app-compat@0.2.48)(@firebase/app-types@0.9.3)(@firebase/app@0.10.18)':
    dependencies:
      '@firebase/app-compat': 0.2.48
      '@firebase/component': 0.6.12
      '@firebase/storage': 0.13.5(@firebase/app@0.10.18)
      '@firebase/storage-types': 0.8.3(@firebase/app-types@0.9.3)(@firebase/util@1.10.3)
      '@firebase/util': 1.10.3
      tslib: 2.8.1
    transitivePeerDependencies:
      - '@firebase/app'
      - '@firebase/app-types'

  '@firebase/storage-types@0.8.3(@firebase/app-types@0.9.3)(@firebase/util@1.10.3)':
    dependencies:
      '@firebase/app-types': 0.9.3
      '@firebase/util': 1.10.3

  '@firebase/storage@0.13.5(@firebase/app@0.10.18)':
    dependencies:
      '@firebase/app': 0.10.18
      '@firebase/component': 0.6.12
      '@firebase/util': 1.10.3
      tslib: 2.8.1

  '@firebase/util@1.10.3':
    dependencies:
      tslib: 2.8.1

  '@firebase/vertexai@1.0.3(@firebase/app-types@0.9.3)(@firebase/app@0.10.18)':
    dependencies:
      '@firebase/app': 0.10.18
      '@firebase/app-check-interop-types': 0.3.3
      '@firebase/app-types': 0.9.3
      '@firebase/component': 0.6.12
      '@firebase/logger': 0.4.4
      '@firebase/util': 1.10.3
      tslib: 2.8.1

  '@firebase/webchannel-wrapper@1.0.3': {}

  '@grpc/grpc-js@1.9.15':
    dependencies:
      '@grpc/proto-loader': 0.7.13
      '@types/node': 20.17.16

  '@grpc/proto-loader@0.7.13':
    dependencies:
      lodash.camelcase: 4.3.0
      long: 5.2.4
      protobufjs: 7.4.0
      yargs: 17.7.2

  '@jridgewell/resolve-uri@3.1.2': {}

  '@jridgewell/sourcemap-codec@1.5.0': {}

  '@jridgewell/trace-mapping@0.3.9':
    dependencies:
      '@jridgewell/resolve-uri': 3.1.2
      '@jridgewell/sourcemap-codec': 1.5.0

  '@protobufjs/aspromise@1.1.2': {}

  '@protobufjs/base64@1.1.2': {}

  '@protobufjs/codegen@2.0.4': {}

  '@protobufjs/eventemitter@1.1.0': {}

  '@protobufjs/fetch@1.1.0':
    dependencies:
      '@protobufjs/aspromise': 1.1.2
      '@protobufjs/inquire': 1.1.0

  '@protobufjs/float@1.0.2': {}

  '@protobufjs/inquire@1.1.0': {}

  '@protobufjs/path@1.1.2': {}

  '@protobufjs/pool@1.1.0': {}

  '@protobufjs/utf8@1.1.0': {}

  '@tsconfig/node10@1.0.11': {}

  '@tsconfig/node12@1.0.11': {}

  '@tsconfig/node14@1.0.3': {}

  '@tsconfig/node16@1.0.4': {}

  '@types/node@20.17.16':
    dependencies:
      undici-types: 6.19.8

  acorn-walk@8.3.4:
    dependencies:
      acorn: 8.14.0

  acorn@8.14.0: {}

  ansi-regex@5.0.1: {}

  ansi-styles@4.3.0:
    dependencies:
      color-convert: 2.0.1

  anymatch@3.1.3:
    dependencies:
      normalize-path: 3.0.0
      picomatch: 2.3.1

  arg@4.1.3: {}

  balanced-match@1.0.2: {}

  binary-extensions@2.3.0: {}

  brace-expansion@1.1.11:
    dependencies:
      balanced-match: 1.0.2
      concat-map: 0.0.1

  braces@3.0.3:
    dependencies:
      fill-range: 7.1.1

  chokidar@3.6.0:
    dependencies:
      anymatch: 3.1.3
      braces: 3.0.3
      glob-parent: 5.1.2
      is-binary-path: 2.1.0
      is-glob: 4.0.3
      normalize-path: 3.0.0
      readdirp: 3.6.0
    optionalDependencies:
      fsevents: 2.3.3

  cliui@8.0.1:
    dependencies:
      string-width: 4.2.3
      strip-ansi: 6.0.1
      wrap-ansi: 7.0.0

  color-convert@2.0.1:
    dependencies:
      color-name: 1.1.4

  color-name@1.1.4: {}

  concat-map@0.0.1: {}

  create-require@1.1.1: {}

  debug@4.4.0(supports-color@5.5.0):
    dependencies:
      ms: 2.1.3
    optionalDependencies:
      supports-color: 5.5.0

  diff@4.0.2: {}

  dotenv@16.4.7: {}

  emoji-regex@8.0.0: {}

  escalade@3.2.0: {}

  faye-websocket@0.11.4:
    dependencies:
      websocket-driver: 0.7.4

  fill-range@7.1.1:
    dependencies:
      to-regex-range: 5.0.1

  firebase@11.2.0:
    dependencies:
      '@firebase/analytics': 0.10.11(@firebase/app@0.10.18)
      '@firebase/analytics-compat': 0.2.17(@firebase/app-compat@0.2.48)(@firebase/app@0.10.18)
      '@firebase/app': 0.10.18
      '@firebase/app-check': 0.8.11(@firebase/app@0.10.18)
      '@firebase/app-check-compat': 0.3.18(@firebase/app-compat@0.2.48)(@firebase/app@0.10.18)
      '@firebase/app-compat': 0.2.48
      '@firebase/app-types': 0.9.3
      '@firebase/auth': 1.8.2(@firebase/app@0.10.18)
      '@firebase/auth-compat': 0.5.17(@firebase/app-compat@0.2.48)(@firebase/app-types@0.9.3)(@firebase/app@0.10.18)
      '@firebase/data-connect': 0.2.0(@firebase/app@0.10.18)
      '@firebase/database': 1.0.11
      '@firebase/database-compat': 2.0.2
      '@firebase/firestore': 4.7.6(@firebase/app@0.10.18)
      '@firebase/firestore-compat': 0.3.41(@firebase/app-compat@0.2.48)(@firebase/app-types@0.9.3)(@firebase/app@0.10.18)
      '@firebase/functions': 0.12.1(@firebase/app@0.10.18)
      '@firebase/functions-compat': 0.3.18(@firebase/app-compat@0.2.48)(@firebase/app@0.10.18)
      '@firebase/installations': 0.6.12(@firebase/app@0.10.18)
      '@firebase/installations-compat': 0.2.12(@firebase/app-compat@0.2.48)(@firebase/app-types@0.9.3)(@firebase/app@0.10.18)
      '@firebase/messaging': 0.12.16(@firebase/app@0.10.18)
      '@firebase/messaging-compat': 0.2.16(@firebase/app-compat@0.2.48)(@firebase/app@0.10.18)
      '@firebase/performance': 0.6.12(@firebase/app@0.10.18)
      '@firebase/performance-compat': 0.2.12(@firebase/app-compat@0.2.48)(@firebase/app@0.10.18)
      '@firebase/remote-config': 0.5.0(@firebase/app@0.10.18)
      '@firebase/remote-config-compat': 0.2.12(@firebase/app-compat@0.2.48)(@firebase/app@0.10.18)
      '@firebase/storage': 0.13.5(@firebase/app@0.10.18)
      '@firebase/storage-compat': 0.3.15(@firebase/app-compat@0.2.48)(@firebase/app-types@0.9.3)(@firebase/app@0.10.18)
      '@firebase/util': 1.10.3
      '@firebase/vertexai': 1.0.3(@firebase/app-types@0.9.3)(@firebase/app@0.10.18)
    transitivePeerDependencies:
      - '@react-native-async-storage/async-storage'

  fsevents@2.3.3:
    optional: true

  get-caller-file@2.0.5: {}

  glob-parent@5.1.2:
    dependencies:
      is-glob: 4.0.3

  has-flag@3.0.0: {}

  http-parser-js@0.5.9: {}

  idb@7.1.1: {}

  ignore-by-default@1.0.1: {}

  is-binary-path@2.1.0:
    dependencies:
      binary-extensions: 2.3.0

  is-extglob@2.1.1: {}

  is-fullwidth-code-point@3.0.0: {}

  is-glob@4.0.3:
    dependencies:
      is-extglob: 2.1.1

  is-number@7.0.0: {}

  lodash.camelcase@4.3.0: {}

  long@5.2.4: {}

  make-error@1.3.6: {}

  minimatch@3.1.2:
    dependencies:
      brace-expansion: 1.1.11

  ms@2.1.3: {}

  nodemon@3.1.9:
    dependencies:
      chokidar: 3.6.0
      debug: 4.4.0(supports-color@5.5.0)
      ignore-by-default: 1.0.1
      minimatch: 3.1.2
      pstree.remy: 1.1.8
      semver: 7.6.3
      simple-update-notifier: 2.0.0
      supports-color: 5.5.0
      touch: 3.1.1
      undefsafe: 2.0.5

  normalize-path@3.0.0: {}

  picomatch@2.3.1: {}

  protobufjs@7.4.0:
    dependencies:
      '@protobufjs/aspromise': 1.1.2
      '@protobufjs/base64': 1.1.2
      '@protobufjs/codegen': 2.0.4
      '@protobufjs/eventemitter': 1.1.0
      '@protobufjs/fetch': 1.1.0
      '@protobufjs/float': 1.0.2
      '@protobufjs/inquire': 1.1.0
      '@protobufjs/path': 1.1.2
      '@protobufjs/pool': 1.1.0
      '@protobufjs/utf8': 1.1.0
      '@types/node': 20.17.16
      long: 5.2.4

  pstree.remy@1.1.8: {}

  readdirp@3.6.0:
    dependencies:
      picomatch: 2.3.1

  require-directory@2.1.1: {}

  safe-buffer@5.2.1: {}

  semver@7.6.3: {}

  simple-update-notifier@2.0.0:
    dependencies:
      semver: 7.6.3

  string-width@4.2.3:
    dependencies:
      emoji-regex: 8.0.0
      is-fullwidth-code-point: 3.0.0
      strip-ansi: 6.0.1

  strip-ansi@6.0.1:
    dependencies:
      ansi-regex: 5.0.1

  supports-color@5.5.0:
    dependencies:
      has-flag: 3.0.0

  to-regex-range@5.0.1:
    dependencies:
      is-number: 7.0.0

  touch@3.1.1: {}

  ts-node@10.9.2(@types/node@20.17.16)(typescript@5.7.3):
    dependencies:
      '@cspotcode/source-map-support': 0.8.1
      '@tsconfig/node10': 1.0.11
      '@tsconfig/node12': 1.0.11
      '@tsconfig/node14': 1.0.3
      '@tsconfig/node16': 1.0.4
      '@types/node': 20.17.16
      acorn: 8.14.0
      acorn-walk: 8.3.4
      arg: 4.1.3
      create-require: 1.1.1
      diff: 4.0.2
      make-error: 1.3.6
      typescript: 5.7.3
      v8-compile-cache-lib: 3.0.1
      yn: 3.1.1

  tslib@2.8.1: {}

  typescript@5.7.3: {}

  undefsafe@2.0.5: {}

  undici-types@6.19.8: {}

  v8-compile-cache-lib@3.0.1: {}

  websocket-driver@0.7.4:
    dependencies:
      http-parser-js: 0.5.9
      safe-buffer: 5.2.1
      websocket-extensions: 0.1.4

  websocket-extensions@0.1.4: {}

  wrap-ansi@7.0.0:
    dependencies:
      ansi-styles: 4.3.0
      string-width: 4.2.3
      strip-ansi: 6.0.1

  y18n@5.0.8: {}

  yargs-parser@21.1.1: {}

  yargs@17.7.2:
    dependencies:
      cliui: 8.0.1
      escalade: 3.2.0
      get-caller-file: 2.0.5
      require-directory: 2.1.1
      string-width: 4.2.3
      y18n: 5.0.8
      yargs-parser: 21.1.1

  yn@3.1.1: {}
